
Microsoft Visual Studio Solution File, Format Version 12.00
# Visual Studio Version 17
VisualStudioVersion = 17.0.31903.59
MinimumVisualStudioVersion = 10.0.40219.1
Project("{FAE04EC0-301F-11D3-BF4B-00C04F79EFBC}") = "PracticeRecord", "..\..\library\getting_started_with_csharp_records\PracticeRecord\PracticeRecord.csproj", "{A72EB931-BB1D-4EA7-AC68-F33C8A497C3C}"
EndProject
Project("{FAE04EC0-301F-11D3-BF4B-00C04F79EFBC}") = "ProductRecord", "..\..\library\getting_started_with_csharp_records\ProductRecord\ProductRecord.csproj", "{DC618A55-B617-45EA-BF74-1A408ADFC65E}"
EndProject
Project("{FAE04EC0-301F-11D3-BF4B-00C04F79EFBC}") = "ProductRecordTests", "..\..\testing\getting_started_with_csharp_records\ProductRecordTests\ProductRecordTests.csproj", "{21821334-B1CF-4C92-AE43-89C13AC85CA0}"
EndProject
Project("{FAE04EC0-301F-11D3-BF4B-00C04F79EFBC}") = "AnotherProductRecord", "..\..\library\getting_started_with_csharp_records\AnotherProductRecord\AnotherProductRecord.csproj", "{7231FE11-F7C2-4252-AC10-7C445DDC0FDC}"
EndProject
Global
	GlobalSection(SolutionConfigurationPlatforms) = preSolution
		Debug|Any CPU = Debug|Any CPU
		Release|Any CPU = Release|Any CPU
	EndGlobalSection
	GlobalSection(SolutionProperties) = preSolution
		HideSolutionNode = FALSE
	EndGlobalSection
	GlobalSection(ProjectConfigurationPlatforms) = postSolution
		{A72EB931-BB1D-4EA7-AC68-F33C8A497C3C}.Debug|Any CPU.ActiveCfg = Debug|Any CPU
		{A72EB931-BB1D-4EA7-AC68-F33C8A497C3C}.Debug|Any CPU.Build.0 = Debug|Any CPU
		{A72EB931-BB1D-4EA7-AC68-F33C8A497C3C}.Release|Any CPU.ActiveCfg = Release|Any CPU
		{A72EB931-BB1D-4EA7-AC68-F33C8A497C3C}.Release|Any CPU.Build.0 = Release|Any CPU
		{DC618A55-B617-45EA-BF74-1A408ADFC65E}.Debug|Any CPU.ActiveCfg = Debug|Any CPU
		{DC618A55-B617-45EA-BF74-1A408ADFC65E}.Debug|Any CPU.Build.0 = Debug|Any CPU
		{DC618A55-B617-45EA-BF74-1A408ADFC65E}.Release|Any CPU.ActiveCfg = Release|Any CPU
		{DC618A55-B617-45EA-BF74-1A408ADFC65E}.Release|Any CPU.Build.0 = Release|Any CPU
		{21821334-B1CF-4C92-AE43-89C13AC85CA0}.Debug|Any CPU.ActiveCfg = Debug|Any CPU
		{21821334-B1CF-4C92-AE43-89C13AC85CA0}.Debug|Any CPU.Build.0 = Debug|Any CPU
		{21821334-B1CF-4C92-AE43-89C13AC85CA0}.Release|Any CPU.ActiveCfg = Release|Any CPU
		{21821334-B1CF-4C92-AE43-89C13AC85CA0}.Release|Any CPU.Build.0 = Release|Any CPU
		{7231FE11-F7C2-4252-AC10-7C445DDC0FDC}.Debug|Any CPU.ActiveCfg = Debug|Any CPU
		{7231FE11-F7C2-4252-AC10-7C445DDC0FDC}.Debug|Any CPU.Build.0 = Debug|Any CPU
		{7231FE11-F7C2-4252-AC10-7C445DDC0FDC}.Release|Any CPU.ActiveCfg = Release|Any CPU
		{7231FE11-F7C2-4252-AC10-7C445DDC0FDC}.Release|Any CPU.Build.0 = Release|Any CPU
	EndGlobalSection
EndGlobal
